
Microsoft Visual Studio Solution File, Format Version 12.00
# Visual Studio Version 17
VisualStudioVersion = 17.3.32811.315
MinimumVisualStudioVersion = 10.0.40219.1
Project("{FAE04EC0-301F-11D3-BF4B-00C04F79EFBC}") = "Uppgift 6.3", "Uppgift 6.3\Uppgift 6.3.csproj", "{611C734D-32AA-4EB7-8E21-62CB9D8BADB1}"
EndProject
Global
	GlobalSection(SolutionConfigurationPlatforms) = preSolution
		Debug|Any CPU = Debug|Any CPU
		Release|Any CPU = Release|Any CPU
	EndGlobalSection
	GlobalSection(ProjectConfigurationPlatforms) = postSolution
		{611C734D-32AA-4EB7-8E21-62CB9D8BADB1}.Debug|Any CPU.ActiveCfg = Debug|Any CPU
		{611C734D-32AA-4EB7-8E21-62CB9D8BADB1}.Debug|Any CPU.Build.0 = Debug|Any CPU
		{611C734D-32AA-4EB7-8E21-62CB9D8BADB1}.Release|Any CPU.ActiveCfg = Release|Any CPU
		{611C734D-32AA-4EB7-8E21-62CB9D8BADB1}.Release|Any CPU.Build.0 = Release|Any CPU
	EndGlobalSection
	GlobalSection(SolutionProperties) = preSolution
		HideSolutionNode = FALSE
	EndGlobalSection
	GlobalSection(ExtensibilityGlobals) = postSolution
		SolutionGuid = {24299D00-6E72-403C-BC07-A0A5EB1C3E7E}
	EndGlobalSection
EndGlobal
